version = 1
revision = 3
requires-python = ">=3.12, <3.13"

[manifest]
requirements = [
    { name = "tree-sitter", specifier = "==0.25.2" },
    { name = "tree-sitter-rust", specifier = "==0.24.2" },
]

[[package]]
name = "tree-sitter"
version = "0.25.2"
source = { registry = "https://pypi.org/simple" }
sdist = { url = "https://files.pythonhosted.org/packages/66/7c/0350cfc47faadc0d3cf7d8237a4e34032b3014ddf4a12ded9933e1648b55/tree-sitter-0.25.2.tar.gz", hash = "sha256:fe43c158555da46723b28b52e058ad444195afd1db3ca7720c59a254544e9c20", size = 177961, upload-time = "2025-09-25T17:37:59.751Z" }
wheels = [
    { url = "https://files.pythonhosted.org/packages/3c/9e/20c2a00a862f1c2897a436b17edb774e831b22218083b459d0d081c9db33/tree_sitter-0.25.2-cp312-cp312-macosx_10_13_x86_64.whl", hash = "sha256:ddabfff809ffc983fc9963455ba1cecc90295803e06e140a4c83e94c1fa3d960", size = 146941, upload-time = "2025-09-25T17:37:34.813Z" },
    { url = "https://files.pythonhosted.org/packages/ef/04/8512e2062e652a1016e840ce36ba1cc33258b0dcc4e500d8089b4054afec/tree_sitter-0.25.2-cp312-cp312-macosx_11_0_arm64.whl", hash = "sha256:c0c0ab5f94938a23fe81928a21cc0fac44143133ccc4eb7eeb1b92f84748331c", size = 137699, upload-time = "2025-09-25T17:37:36.349Z" },
    { url = "https://files.pythonhosted.org/packages/47/8a/d48c0414db19307b0fb3bb10d76a3a0cbe275bb293f145ee7fba2abd668e/tree_sitter-0.25.2-cp312-cp312-manylinux2014_aarch64.manylinux_2_17_aarch64.manylinux_2_28_aarch64.whl", hash = "sha256:dd12d80d91d4114ca097626eb82714618dcdfacd6a5e0955216c6485c350ef99", size = 607125, upload-time = "2025-09-25T17:37:37.725Z" },
    { url = "https://files.pythonhosted.org/packages/39/d1/b95f545e9fc5001b8a78636ef942a4e4e536580caa6a99e73dd0a02e87aa/tree_sitter-0.25.2-cp312-cp312-manylinux2014_x86_64.manylinux_2_17_x86_64.manylinux_2_28_x86_64.whl", hash = "sha256:b43a9e4c89d4d0839de27cd4d6902d33396de700e9ff4c5ab7631f277a85ead9", size = 635418, upload-time = "2025-09-25T17:37:38.922Z" },
    { url = "https://files.pythonhosted.org/packages/de/4d/b734bde3fb6f3513a010fa91f1f2875442cdc0382d6a949005cd84563d8f/tree_sitter-0.25.2-cp312-cp312-musllinux_1_2_x86_64.whl", hash = "sha256:fbb1706407c0e451c4f8cc016fec27d72d4b211fdd3173320b1ada7a6c74c3ac", size = 631250, upload-time = "2025-09-25T17:37:40.039Z" },
    { url = "https://files.pythonhosted.org/packages/46/f2/5f654994f36d10c64d50a192239599fcae46677491c8dd53e7579c35a3e3/tree_sitter-0.25.2-cp312-cp312-win_amd64.whl", hash = "sha256:6d0302550bbe4620a5dc7649517c4409d74ef18558276ce758419cf09e578897", size = 127156, upload-time = "2025-09-25T17:37:41.132Z" },
    { url = "https://files.pythonhosted.org/packages/67/23/148c468d410efcf0a9535272d81c258d840c27b34781d625f1f627e2e27d/tree_sitter-0.25.2-cp312-cp312-win_arm64.whl", hash = "sha256:0c8b6682cac77e37cfe5cf7ec388844957f48b7bd8d6321d0ca2d852994e10d5", size = 113984, upload-time = "2025-09-25T17:37:42.074Z" },
]

[[package]]
name = "tree-sitter-rust"
version = "0.24.2"
source = { registry = "https://pypi.org/simple" }
sdist = { url = "https://files.pythonhosted.org/packages/b7/87/75cbd22b927267d310f76cca1ab3c1d9d41035dfa3eb9cc95f96ee199440/tree_sitter_rust-0.24.2.tar.gz", hash = "sha256:54fb02a5911e345308b405174465112479f56dc39e3f1e7744d7568595f00db9", size = 339341, upload-time = "2026-03-27T21:08:55.629Z" }
wheels = [
    { url = "https://files.pythonhosted.org/packages/d0/24/2b2d33af5e27c84a4fde4e8cd2594bb4ab1e1cf48756a9f40dadc84956cc/tree_sitter_rust-0.24.2-cp39-abi3-macosx_10_9_x86_64.whl", hash = "sha256:3620cfd12340efa43082d45df76349ff511893a9c361da2f8d6d51e307020a59", size = 129507, upload-time = "2026-03-27T21:08:47.585Z" },
    { url = "https://files.pythonhosted.org/packages/78/2a/cf39f881a545360b5a86bb1accba1f4acc713daab01fb9edd35b6e84f473/tree_sitter_rust-0.24.2-cp39-abi3-macosx_11_0_arm64.whl", hash = "sha256:01a46622735498493f29f3e628a90de95c96a07bfbeb88996243eb986b1cee36", size = 136812, upload-time = "2026-03-27T21:08:48.761Z" },
    { url = "https://files.pythonhosted.org/packages/ca/45/a051bbd3045a61182dde25b93ae9a33d2677c935b16952283e12eaf46051/tree_sitter_rust-0.24.2-cp39-abi3-manylinux1_x86_64.manylinux_2_28_x86_64.manylinux_2_5_x86_64.whl", hash = "sha256:e033c5a93b57c88e0a835880de39fc802909ff69f57aaff6000211c196ea5190", size = 164706, upload-time = "2026-03-27T21:08:49.605Z" },
    { url = "https://files.pythonhosted.org/packages/b5/f6/a5a146df5c0a5daea3ffcd5d7245775fe7f084357770d5a313dd6245ae78/tree_sitter_rust-0.24.2-cp39-abi3-manylinux2014_aarch64.manylinux_2_17_aarch64.manylinux_2_28_aarch64.whl", hash = "sha256:9d76d1208c3638b871236090759dfc13d478921320653a6c9da5336e7c58f65a", size = 170310, upload-time = "2026-03-27T21:08:50.424Z" },
    { url = "https://files.pythonhosted.org/packages/95/a8/f85b1ca75e01361ca5f92d226593ca4857cea49551b9f6c8fa6fc08ea917/tree_sitter_rust-0.24.2-cp39-abi3-musllinux_1_2_aarch64.whl", hash = "sha256:87930163a462408c49ab62c667e74029bc26b4cc7123dd1bdc7352215786c64a", size = 168668, upload-time = "2026-03-27T21:08:51.404Z" },
    { url = "https://files.pythonhosted.org/packages/a2/e1/3519f866a4679ca36acd9f5a06a779ecb8a92b18887c5546458d521df557/tree_sitter_rust-0.24.2-cp39-abi3-musllinux_1_2_x86_64.whl", hash = "sha256:da2b86099028fd42c6cd32878b7b16b01f8aac0f7b0e98742b7fa6bc3cf09b89", size = 162403, upload-time = "2026-03-27T21:08:52.588Z" },
    { url = "https://files.pythonhosted.org/packages/34/71/7ef609894dbfe5699eb16f7471f9b8af1d958d8ba3e29c238d7607e8cb47/tree_sitter_rust-0.24.2-cp39-abi3-win_amd64.whl", hash = "sha256:4529c125d928882ddfb879fdc6bc0704913261ecc078b6fa7902559e0daf200d", size = 129422, upload-time = "2026-03-27T21:08:54.031Z" },
    { url = "https://files.pythonhosted.org/packages/b9/d8/050a781172745bc345f98abb7c56e72022ea0790f8e793de981c83c2ef15/tree_sitter_rust-0.24.2-cp39-abi3-win_arm64.whl", hash = "sha256:66ba90f61bd54f4c4f5d30434957daf64507c16b0313df76becb37d63f70a227", size = 128245, upload-time = "2026-03-27T21:08:54.803Z" },
]
